
Microsoft Visual Studio Solution File, Format Version 12.00
Project("{FAE04EC0-301F-11D3-BF4B-00C04F79EFBC}") = "NoSql", "NoSql\NoSql.csproj", "{D1A0802E-CC01-434E-A417-A03393FF3E71}"
EndProject
Project("{FAE04EC0-301F-11D3-BF4B-00C04F79EFBC}") = "Sql", "Sql\Sql.csproj", "{0985C9D1-3FF1-4054-B371-1E77041A5F24}"
EndProject
Global
	GlobalSection(SolutionConfigurationPlatforms) = preSolution
		Debug|Any CPU = Debug|Any CPU
		Release|Any CPU = Release|Any CPU
	EndGlobalSection
	GlobalSection(ProjectConfigurationPlatforms) = postSolution
		{D1A0802E-CC01-434E-A417-A03393FF3E71}.Debug|Any CPU.ActiveCfg = Debug|Any CPU
		{D1A0802E-CC01-434E-A417-A03393FF3E71}.Debug|Any CPU.Build.0 = Debug|Any CPU
		{D1A0802E-CC01-434E-A417-A03393FF3E71}.Release|Any CPU.ActiveCfg = Release|Any CPU
		{D1A0802E-CC01-434E-A417-A03393FF3E71}.Release|Any CPU.Build.0 = Release|Any CPU
		{0985C9D1-3FF1-4054-B371-1E77041A5F24}.Debug|Any CPU.ActiveCfg = Debug|Any CPU
		{0985C9D1-3FF1-4054-B371-1E77041A5F24}.Debug|Any CPU.Build.0 = Debug|Any CPU
		{0985C9D1-3FF1-4054-B371-1E77041A5F24}.Release|Any CPU.ActiveCfg = Release|Any CPU
		{0985C9D1-3FF1-4054-B371-1E77041A5F24}.Release|Any CPU.Build.0 = Release|Any CPU
	EndGlobalSection
EndGlobal
